cloud.google.com/go v0.123.0 h1:2NAUJwPR47q+E35uaJeYoNhuNEM9kM8SjgRgdeOJUSE=
cloud.google.com/go v0.123.0/go.mod h1:xBoMV08QcqUGuPW65Qfm1o9Y4zKZBpGS+7bImXLTAZU=
cloud.google.com/go/auth v0.24.0 h1:UYMbF8otPZnLAkNJ5/LYQYOq0ARcJS1P4JqTeMKbCYU=
cloud.google.com/go/auth v0.24.0/go.mod h1:IFG/AMA1VWfuTrdbieEsB2GcpJyJV/phGAvogkOoPR4=
cloud.google.com/go/auth/oauth2adapt v0.3.0 h1:FY8oSZpCYoUNv6QxVODuMjQz4IlSOVeiQtZ08vLPz88=
cloud.google.com/go/auth/oauth2adapt v0.3.0/go.mod h1:7+2uCm7++XFO+/lN06c2HXpDXb/NMNn2/UwyBPbTnkk=
cloud.google.com/go/compute/metadata v0.10.0 h1:pyKMUQSwchgkIBBJGdILqQbs/BNJXqwSA7Ej6LAvvtY=
cloud.google.com/go/compute/metadata v0.10.0/go.mod h1:rGFHRrIif570kSibjFTMbt6/4/tzgJWFGI/HVol4GIk=
github.com/GoogleCloudPlatform/opentelemetry-operations-go/detectors/gcp v1.38.0 h1:rmzbFS2CkHq0y2L5LkMVWm+QXjjNEXxjmhrJqga/QGk=
github.com/GoogleCloudPlatform/opentelemetry-operations-go/detectors/gcp v1.38.0/go.mod h1:iIyrdhveU5Ow84ipRlxtjCOQnIM0DiqSMxuxm50xwZY=
github.com/a2aproject/a2a-go v0.3.15 h1:h5YpCiPq3jxQ5rIns7oDjPag3ivP8u817AzdA4F+NiI=
github.com/a2aproject/a2a-go v0.3.15/go.mod h1:I7Cm+a1oL+UT6zMoP+roaRE5vdfUa1iQGVN8aSOuZ0I=
github.com/a2aproject/a2a-go/v2 v2.6.0 h1:QflB0gHxOP0o5quvA/h9EbYgfOsmRsSmFkeBYtKdwwk=
github.com/a2aproject/a2a-go/v2 v2.6.0/go.mod h1:rvFIb0sBJl2qmJRYU2fQxI6hhIQksmGGMEhT/uRwWww=
github.com/awalterschulze/gographviz v2.0.3+incompatible h1:9sVEXJBJLwGX7EQVhLm2elIKCm7P2YHFC8v6096G09E=
github.com/awalterschulze/gographviz v2.0.3+incompatible/go.mod h1:GEV5wmg4YquNw7v1kkyoX9etIk8yVmXj+AkDHuuETHs=
github.com/cenkalti/backoff/v5 v5.0.3 h1:ZN+IMa753KfX5hd8vVaMixjnqRZ3y8CuJKRKj1xcsSM=
github.com/cenkalti/backoff/v5 v5.0.3/go.mod h1:rkhZdG3JZukswDf7f0cwqPNk4K0sa+F97BxZthm/crw=
github.com/cespare/xxhash/v2 v2.3.0 h1:UL815xU9SqsFlibzuggzjXhog7bL6oX9BbNZnL2UFvs=
github.com/cespare/xxhash/v2 v2.3.0/go.mod h1:VGX0DQ3Q6kWi7AoAeZDth3/j3BFtOZR5XLFGgcrjCOs=
github.com/clipperhouse/uax29/v2 v2.7.0 h1:+gs4oBZ2gPfVrKPthwbMzWZDaAFPGYK72F0NJv2v7Vk=
github.com/clipperhouse/uax29/v2 v2.7.0/go.mod h1:EFJ2TJMRUaplDxHKj1qAEhCtQPW2tJSwu5BF98AuoVM=
github.com/coder/websocket v1.8.15 h1:6B2JPeOGlpff2Uz6vOEH1Vzpi0iUz20A+lPVhPHtNUA=
github.com/coder/websocket v1.8.15/go.mod h1:NX3SzP+inril6yawo5CQXx8+fk145lPDC6pumgx0mVg=
github.com/cpuguy83/go-md2man/v2 v2.0.6 h1:XJtiaUW6dEEqVuZiMTn1ldk455QWwEIsMIJlo5vtkx0=
github.com/cpuguy83/go-md2man/v2 v2.0.6/go.mod h1:oOW0eioCTA6cOiMLiUPZOpcVxMig6NIQQ7OS05n1F4g=
github.com/eat-pray-ai/cobra-mcp v0.4.5 h1:HXYaxvXF0PoYjlF+B0myikx4w/X+H/LFjgmYw89BB70=
github.com/eat-pray-ai/cobra-mcp v0.4.5/go.mod h1:ikePQIGp+iDcFTk6WkhYY8clOzn0cl2+sr8JupthOmQ=
github.com/felixge/httpsnoop v1.1.0 h1:3YtUj32ZZkqZtt3sZZsClsymw/QDuVfpNhoA31zeORc=
github.com/felixge/httpsnoop v1.1.0/go.mod h1:Zqxgdd+1Rkcz8euOqdr7lqgCRJztwr5hp9vDSi5UZCE=
github.com/go-logr/logr v1.2.2/go.mod h1:jdQByPbusPIv2/zmleS9BjJVeZ6kBagPoEUsqbVz/1A=
github.com/go-logr/logr v1.4.4 h1:tG4xh9yMsRCAiodLVTxyrkzSZ9+o0L1Kg/+cPVcbP/8=
github.com/go-logr/logr v1.4.4/go.mod h1:9T104GzyrTigFIr8wt5mBrctHMim0Nb2HLGrmQ40KvY=
github.com/go-logr/stdr v1.2.2 h1:hSWxHoqTgW2S2qGc0LTAI563KZ5YKYRhT3MFKZMbjag=
github.com/go-logr/stdr v1.2.2/go.mod h1:mMo/vtBO5dYbehREoey6XUKy/eSumjCCveDpRre4VKE=
github.com/golang-jwt/jwt/v5 v5.3.1 h1:kYf81DTWFe7t+1VvL7eS+jKFVWaUnK9cB1qbwn63YCY=
github.com/golang-jwt/jwt/v5 v5.3.1/go.mod h1:fxCRLWMO43lRc8nhHWY6LGqRcf+1gQWArsqaEUEa5bE=
github.com/golang/protobuf v1.5.4 h1:i7eJL8qZTpSEXOPTxNKhASYpMn+8e5Q6AdndVa1dWek=
github.com/golang/protobuf v1.5.4/go.mod h1:lnTiLA8Wa4RWRcIUkrtSVa5nRhsEGBg48fD6rSs7xps=
github.com/google/go-cmp v0.7.0 h1:wk8382ETsv4JYUZwIsn6YpYiWiBsYLSJiTsyBybVuN8=
github.com/google/go-cmp v0.7.0/go.mod h1:pXiqmnSA92OHEEa9HXL2W4E7lf9JzCmGVUdgjX3N/iU=
github.com/google/jsonschema-go v0.4.3 h1:/DBOLZTfDow7pe2GmaJNhltueGTtDKICi8V8p+DQPd0=
github.com/google/jsonschema-go v0.4.3/go.mod h1:r5quNTdLOYEz95Ru18zA0ydNbBuYoo9tgaYcxEYhJVE=
github.com/google/s2a-go v0.1.10 h1:EMp+aOuXN6l8cE/gjF5Bt+vyZxsUuyCWe9chDWR/+uU=
github.com/google/s2a-go v0.1.10/go.mod h1:pz4tyvwXvJLLbyrkh6FW1eS2zPUXMaTmyNhYtyP2tNw=
github.com/google/safehtml v0.1.0 h1:EwLKo8qawTKfsi0orxcQAZzu07cICaBeFMegAU9eaT8=
github.com/google/safehtml v0.1.0/go.mod h1:L4KWwDsUJdECRAEpZoBn3O64bQaywRscowZjJAzjHnU=
github.com/google/uuid v1.6.0 h1:NIvaJDMOsjHA8n1jAhLSgzrAzy1Hgr+hNrb57e+94F0=
github.com/google/uuid v1.6.0/go.mod h1:TIyPZe4MgqvfeYDBFedMoGGpEw/LqOeaOT+nhxU+yHo=
github.com/googleapis/enterprise-certificate-proxy v0.3.22 h1:NU4XpII6jD+Dxcot94fqjE+AfJoE/lQP9q3faYGzC/c=
github.com/googleapis/enterprise-certificate-proxy v0.3.22/go.mod h1:L3D/IQExI6LqEjBdXcZQ1WluSgigQmSwBboFstVPM4w=
github.com/googleapis/gax-go/v2 v2.26.2 h1:ydkmNXxj7bEmmeK5AihkKnWxyOyBR9TDebvp5L5izk8=
github.com/googleapis/gax-go/v2 v2.26.2/go.mod h1:sMKqnMesnKH+3wiRJROcttA+cJoZoGbZl1vDQ8XYtGk=
github.com/gorilla/mux v1.8.1 h1:TuBL49tXwgrFYWhqrNgrUNEY92u81SPhu7sTdzQEiWY=
github.com/gorilla/mux v1.8.1/go.mod h1:AKf9I4AEqPTmMytcMc0KkNouC66V3BtZ4qD5fmWSiMQ=
github.com/gorilla/websocket v1.5.3 h1:saDtZ6Pbx/0u+bgYQ3q96pZgCzfhKXGPqt7kZ72aNNg=
github.com/gorilla/websocket v1.5.3/go.mod h1:YR8l580nyteQvAITg2hZ9XVh4b55+EU/adAjf1fMHhE=
github.com/grpc-ecosystem/grpc-gateway/v2 v2.31.0 h1:Bd7KaOxzULLxtZ/K5s1aLbWhR0+5RToO65TXHsf3bqQ=
github.com/grpc-ecosystem/grpc-gateway/v2 v2.31.0/go.mod h1:nN7ts3dFXKtCZWc//yfkpcQNKJABg16/uDVAZpLDalo=
github.com/hashicorp/golang-lru/v2 v2.0.7 h1:a+bsQ5rvGLjzHuww6tVxozPZFVghXaHOwFs4luLUK2k=
github.com/hashicorp/golang-lru/v2 v2.0.7/go.mod h1:QeFd9opnmA6QUJc5vARoKUSoFhyfM2/ZepoAG6RGpeM=
github.com/inconshreveable/mousetrap v1.1.0 h1:wN+x4NVGpMsO7ErUn/mUI3vEoE6Jt13X2s0bqwp9tc8=
github.com/inconshreveable/mousetrap v1.1.0/go.mod h1:vpF70FUmC8bwa3OWnCshd2FqLfsEA9PFc4w1p2J65bw=
github.com/jedib0t/go-pretty/v6 v6.8.3 h1:yVSk5aemoYHCvcrtqyXklwqcgHQIQzmy/oUzFlmffSQ=
github.com/jedib0t/go-pretty/v6 v6.8.3/go.mod h1:YwC5CE4fJ1HFUDeivSV1r//AmANFHyqczZk+U6BDALU=
github.com/kr/pretty v0.3.1 h1:flRD4NNwYAUpkphVc1HcthR4KEIFJ65n8Mw5qdRn3LE=
github.com/kr/pretty v0.3.1/go.mod h1:hoEshYVHaxMs3cyo3Yncou5ZscifuDolrwPKZanG3xk=
github.com/kr/text v0.2.0 h1:5Nx0Ya0ZqY2ygV366QzturHI13Jq95ApcVaJBhpS+AY=
github.com/kr/text v0.2.0/go.mod h1:eLer722TekiGuMkidMxC/pM04lWEeraHUUmBw8l2grE=
github.com/mattn/go-runewidth v0.0.30 h1:+KUuiDA4fF0R1p5FeueHefjDm+GIM+kWfFnDjybOPgk=
github.com/mattn/go-runewidth v0.0.30/go.mod h1:3qAiGCV4Koz/yuveO58qUefmUTRm8r0IGEXZ9jeHp/8=
github.com/mitchellh/mapstructure v1.5.0 h1:jeMsZIYE/09sWLaz43PL7Gy6RuMjD2eJVyuac5Z2hdY=
github.com/mitchellh/mapstructure v1.5.0/go.mod h1:bFUtVrKA4DC2yAKiSyO/QUcy7e+RRV2QTWOzhPopBRo=
github.com/modelcontextprotocol/go-sdk v1.8.0 h1:KIvahhYqwtbeniWVPs3TcXEA7b8jEtwfBpOTAI+Urx4=
github.com/modelcontextprotocol/go-sdk v1.8.0/go.mod h1:dL7u98E/zjJTGzEq+j30jQ8K2k1mb6LeAH4inEcSGts=
github.com/nfnt/resize v0.0.0-20180221191011-83c6a9932646 h1:zYyBkD/k9seD2A7fsi6Oo2LfFZAehjjQMERAvZLEDnQ=
github.com/nfnt/resize v0.0.0-20180221191011-83c6a9932646/go.mod h1:jpp1/29i3P1S/RLdc7JQKbRpFeM1dOBd8T9ki5s+AY8=
github.com/openai/openai-go/v3 v3.68.0 h1:NjMHR8v59G1MvZGzPsKZ590oxrtI26zGcACIDD5h0xw=
github.com/openai/openai-go/v3 v3.68.0/go.mod h1:+dSPa+nbX+dNoXg1jecMnVpgRP+E/5IBA6Jiz9Pc8WM=
github.com/rogpeppe/go-internal v1.14.1 h1:UQB4HGPB6osV0SQTLymcB4TgvyWu6ZyliaW0tI/otEQ=
github.com/rogpeppe/go-internal v1.14.1/go.mod h1:MaRKkUm5W0goXpeCfT7UZI6fk/L7L7so1lCWt35ZSgc=
github.com/russross/blackfriday/v2 v2.1.0 h1:JIOH55/0cWyOuilr9/qlrm0BSXldqnqwMsf35Ld67mk=
github.com/russross/blackfriday/v2 v2.1.0/go.mod h1:+Rmxgy9KzJVeS9/2gXHxylqXiyQDYRxCVz55jmeOWTM=
github.com/savioxavier/termlink v1.4.3 h1:Gh6vrG7jSn21cRiYdQqFXYcdXfM+Fg14aG487JTfKpA=
github.com/savioxavier/termlink v1.4.3/go.mod h1:5T5ePUlWbxCHIwyF8/Ez1qufOoGM89RCg9NvG+3G3gc=
github.com/segmentio/asm v1.2.1 h1:DTNbBqs57ioxAD4PrArqftgypG4/qNpXoJx8TVXxPR0=
github.com/segmentio/asm v1.2.1/go.mod h1:BqMnlJP91P8d+4ibuonYZw9mfnzI9HfxselHZr5aAcs=
github.com/segmentio/encoding v0.5.4 h1:OW1VRern8Nw6ITAtwSZ7Idrl3MXCFwXHPgqESYfvNt0=
github.com/segmentio/encoding v0.5.4/go.mod h1:HS1ZKa3kSN32ZHVZ7ZLPLXWvOVIiZtyJnO1gPH1sKt0=
github.com/spf13/cobra v1.10.2 h1:DMTTonx5m65Ic0GOoRY2c16WCbHxOOw6xxezuLaBpcU=
github.com/spf13/cobra v1.10.2/go.mod h1:7C1pvHqHw5A4vrJfjNwvOdzYu0Gml16OCs2GRiTUUS4=
github.com/spf13/pflag v1.0.9/go.mod h1:McXfInJRrz4CZXVZOBLb0bTZqETkiAhM9Iw0y3An2Bg=
github.com/spf13/pflag v1.0.10 h1:4EBh2KAYBwaONj6b2Ye1GiHfwjqyROoF4RwYO+vPwFk=
github.com/spf13/pflag v1.0.10/go.mod h1:McXfInJRrz4CZXVZOBLb0bTZqETkiAhM9Iw0y3An2Bg=
github.com/stretchr/testify v1.12.1 h1:EuwCh5fleGS7H32xRwO3wRGT7DxrDhLAT6FF8MpWDWE=
github.com/stretchr/testify v1.12.1/go.mod h1:MDEgiDPPsNp5cuIrHPPCyornHKgEVbtFUmoNlxoYthg=
github.com/tc-hib/go-winres v0.3.3 h1:DQ50qlvDVhqrDOY0svTxZFZWfKWtZtfnXXHPCw6lqh0=
github.com/tc-hib/go-winres v0.3.3/go.mod h1:5NGzOtuvjSqnpIEi2o1h48MKZzP9olvrf+PeY2t1uoA=
github.com/tc-hib/winres v0.2.1 h1:YDE0FiP0VmtRaDn7+aaChp1KiF4owBiJa5l964l5ujA=
github.com/tc-hib/winres v0.2.1/go.mod h1:C/JaNhH3KBvhNKVbvdlDWkbMDO9H4fKKDaN7/07SSuk=
github.com/tidwall/gjson v1.14.2/go.mod h1:/wbyibRr2FHMks5tjHJ5F8dMZh3AcwJEMf5vlfC0lxk=
github.com/tidwall/gjson v1.19.0 h1:xwxm7n691Uf3u5OFjzngavjGTh55KX5q/9w9xHW88JU=
github.com/tidwall/gjson v1.19.0/go.mod h1:V37/opeE/JbLUOfH0QTXiNez2l0RUjYUhpT4szFQAfc=
github.com/tidwall/match v1.1.1/go.mod h1:eRSPERbgtNPcGhD8UCthc6PmLEQXEWd3PRB5JTxsfmM=
github.com/tidwall/match v1.2.0 h1:0pt8FlkOwjN2fPt4bIl4BoNxb98gGHN2ObFEDkrfZnM=
github.com/tidwall/match v1.2.0/go.mod h1:eRSPERbgtNPcGhD8UCthc6PmLEQXEWd3PRB5JTxsfmM=
github.com/tidwall/pretty v1.2.0/go.mod h1:ITEVvHYasfjBbM0u2Pg8T2nJnzm8xPwvNhhsoaGGjNU=
github.com/tidwall/pretty v1.2.2 h1:dz1jrRuE7or/74V490B4/GP1pZm5WKlt2bgCP5A83w8=
github.com/tidwall/pretty v1.2.2/go.mod h1:ITEVvHYasfjBbM0u2Pg8T2nJnzm8xPwvNhhsoaGGjNU=
github.com/tidwall/sjson v1.2.5 h1:kLy8mja+1c9jlljvWTlSazM7cKDRfJuR/bOJhcY5NcY=
github.com/tidwall/sjson v1.2.5/go.mod h1:Fvgq9kS/6ociJEDnK0Fk1cpYF4FIW6ZF7LAe+6jwd28=
github.com/urfave/cli/v2 v2.25.7 h1:VAzn5oq403l5pHjc4OhD54+XGO9cdKVL/7lDjF+iKUs=
github.com/urfave/cli/v2 v2.25.7/go.mod h1:8qnjx1vcq5s2/wpsqoZFndg2CE5tNFyrTvS6SinrnYQ=
github.com/xrash/smetrics v0.0.0-20201216005158-039620a65673 h1:bAn7/zixMGCfxrRTfdpNzjtPYqr8smhKouy9mxVdGPU=
github.com/xrash/smetrics v0.0.0-20201216005158-039620a65673/go.mod h1:N3UwUGtsrSj3ccvlPHLoLsHnpR27oXr4ZE984MbSER8=
github.com/yosida95/uritemplate/v3 v3.0.2 h1:Ed3Oyj9yrmi9087+NczuL5BwkIc4wvTb5zIM+UJPGz4=
github.com/yosida95/uritemplate/v3 v3.0.2/go.mod h1:ILOh0sOhIJR3+L/8afwt/kE++YT040gmv5BQTMR2HP4=
go.opentelemetry.io/auto/sdk v1.2.1 h1:jXsnJ4Lmnqd11kwkBV2LgLoFMZKizbCi5fNZ/ipaZ64=
go.opentelemetry.io/auto/sdk v1.2.1/go.mod h1:KRTj+aOaElaLi+wW1kO/DZRXwkF4C5xPbEe3ZiIhN7Y=
go.opentelemetry.io/contrib/detectors/gcp v1.46.0 h1:PI8dGkqDaQkwJ8kOopqMhDTbrnK3UIeG/RCHH4HErbo=
go.opentelemetry.io/contrib/detectors/gcp v1.46.0/go.mod h1:nsrN5c/sOLoY2vsPxN/rQ0V0nvGrWJCqcW4UXLtqNG8=
go.opentelemetry.io/contrib/instrumentation/google.golang.org/grpc/otelgrpc v0.71.0 h1:B2h3uqicet1CT2N5TOFhS+Gq++9i0/CLmaxvhmhtP5s=
go.opentelemetry.io/contrib/instrumentation/google.golang.org/grpc/otelgrpc v0.71.0/go.mod h1:dylvB+ZiiwMvsDij9O84Uy7SijLgHMX4mbkncds+4Sw=
go.opentelemetry.io/contrib/instrumentation/net/http/otelhttp v0.71.0 h1:3g7B90UzBltIDKq1/5mrTGxTnOFDV0ICOhLoxiZ8jlg=
go.opentelemetry.io/contrib/instrumentation/net/http/otelhttp v0.71.0/go.mod h1:Ef8SuTh59BT7+ofpDxN9z+yOlc4t2GjLmKDgYNJL/NU=
go.opentelemetry.io/otel v1.46.0 h1:FHt5/CDyVxi/8IM1CH7VE/rRgq3kLHa2mSTVMO8AWyc=
go.opentelemetry.io/otel v1.46.0/go.mod h1:Gj3SEScelsNC45tp4nSxRYlS+f5iez7W8XPMCt905kE=
go.opentelemetry.io/otel/exporters/otlp/otlplog/otlploghttp v0.22.0 h1:lYk7RmxdLK865qLwibroNGldHa1U7SWKYYvNjlK7PIo=
go.opentelemetry.io/otel/exporters/otlp/otlplog/otlploghttp v0.22.0/go.mod h1:6GvlND0H0xdUJanOtIAn0xfwLkauh1tmsYEEVSMDdqY=
go.opentelemetry.io/otel/exporters/otlp/otlptrace v1.46.0 h1:OFnwLJr+pF3iHrlGSzbxyuo6/6HyBlnlN1CWEJmBVcw=
go.opentelemetry.io/otel/exporters/otlp/otlptrace v1.46.0/go.mod h1:716wFneO0ov19A2beH5hjfh9AK5z/VWNAtDijp1Y0/g=
go.opentelemetry.io/otel/exporters/otlp/otlptrace/otlptracehttp v1.46.0 h1:KrC1YrQeSt46ITMWAbgQx1M1eV1/1TKzttrBzymPmss=
go.opentelemetry.io/otel/exporters/otlp/otlptrace/otlptracehttp v1.46.0/go.mod h1:zDSEzoEqsOrgBeGvH66KRgxh90VonFyJqBHA0Pk3+rM=
go.opentelemetry.io/otel/log v0.22.0 h1:5DBNnfvaJ6CVdkJ+Jle8Tzs50aSSv49TXGj9XRsEYw0=
go.opentelemetry.io/otel/log v0.22.0/go.mod h1:gzOt/R67vF2GniAqWu8Qv0SXy89f71muHcrkz76PCdc=
go.opentelemetry.io/otel/metric v1.46.0 h1:yBnkXvgV7AXFILZc5K6IZe/CBFF3OS7BJ8ov6/lj0K8=
go.opentelemetry.io/otel/metric v1.46.0/go.mod h1:iPmdWqifKUdzziPkvvzIJXITl56fQx2mGM/DHLB3/2o=
go.opentelemetry.io/otel/sdk v1.46.0 h1:h5CNQQjEbuQXY/JfZtgt3i7HVFV3aHPO2OAwO2eTYPI=
go.opentelemetry.io/otel/sdk v1.46.0/go.mod h1:GAERFXFt5SYCEB+YiKUbMBeza6UaDH7GmGOZEfh2gSM=
go.opentelemetry.io/otel/sdk/log v0.22.0 h1:PRL+s6P63XT4E/bheEflopPUpVxuvANqZwtt89yhoGk=
go.opentelemetry.io/otel/sdk/log v0.22.0/go.mod h1:JNp0sBELrjCTcu5W3GzABVypeU6vDJjBS+X0JISuz+g=
go.opentelemetry.io/otel/sdk/log/logtest v0.22.0 h1:infPnfNrhCNgOUZRs3gWUg8vhoBUHihq02gwK05gzlg=
go.opentelemetry.io/otel/sdk/log/logtest v0.22.0/go.mod h1:gkQZA3z15Bv3KU9vigBTi8dFechSozRP7v94X4VZv+s=
go.opentelemetry.io/otel/sdk/metric v1.46.0 h1:0piZ26EG4RBfebb2jhDH6ERCYHoVWduc3kLgPCwSnSE=
go.opentelemetry.io/otel/sdk/metric v1.46.0/go.mod h1:I1PbKrdVc8Qu8HYVDNtqVIwLwjNrhsV/uFuxfwg8mO4=
go.opentelemetry.io/otel/trace v1.46.0 h1:OULy7ccdJnZtJ0UDYFOIGaCmiWzJ8Vi2G/Rsu60qs1c=
go.opentelemetry.io/otel/trace v1.46.0/go.mod h1:J7GAXweO77XSFkB/rmAqk9D6ihszhFjLU+d9WuUxDLI=
go.opentelemetry.io/proto/otlp v1.11.1 h1:SCrPqH9NE5CmBrOqpjNCiT0X5mGwMyGERXdogfR7Yjw=
go.opentelemetry.io/proto/otlp v1.11.1/go.mod h1:wq8W4aSf6bOy8RZyESOeQFr9Pu7wydWX/TY4sgvrTPg=
go.uber.org/goleak v1.3.0 h1:2K3zAYmnTNqV73imy9J1T3WC+gmCePx2hEGkimedGto=
go.uber.org/goleak v1.3.0/go.mod h1:CoHD4mav9JJNrW/WLlf7HGZPjdw8EucARQHekz1X6bE=
go.yaml.in/yaml/v3 v3.0.4/go.mod h1:DhzuOOF2ATzADvBadXxruRBLzYTpT36CKvDb3+aBEFg=
go.yaml.in/yaml/v3 v3.0.5 h1:N6y/pJk8buWs9NY5ERU2HSMfm+IuD/OtfdAnq6kESPw=
go.yaml.in/yaml/v3 v3.0.5/go.mod h1:HVTZu1O7/Vkt2N+BFy8Zza+lnLsABggaTM2ZpNIGuKg=
golang.org/x/crypto v0.57.0 h1:3ZVCjf8Ggz7zneR/EHRVx68Ctf+2pmIMP2UFhh9cC6M=
golang.org/x/crypto v0.57.0/go.mod h1:Fdz0i5U6CoizGwLda9DttjSk6qlZo25zYNtR+ycvuZA=
golang.org/x/image v0.41.0 h1:8wS72eGJMJaBxK6okTzd4WaXumUlTVlb753MlsSvTCo=
golang.org/x/image v0.41.0/go.mod h1:uIc348UZMSvS5Z65CVZ7iDPaNobNFEPeJ4kbqTOszmA=
golang.org/x/mod v0.41.0 h1:qJmnOUb4YB+FsEuM3HcWucdZASCPGhsX6uljO6pog0c=
golang.org/x/mod v0.41.0/go.mod h1:Ek9pY8RKWXwsWvd3rQiHYtMqkjSUV+s1Rj7j4H5Ur6o=
golang.org/x/net v0.59.0 h1:5zfYln+w5XCxwrnMMJPufRgNoXEaGxl0wo5GqPXyues=
golang.org/x/net v0.59.0/go.mod h1:2DA/G1UfVbCpQPeWTmMPGY7Cs2PkBkwu743bVX5PIVg=
golang.org/x/oauth2 v0.37.0 h1:JUlcxA8oAtauLfiH8FX2/FkAWHAdi0QtGCGc+hofE98=
golang.org/x/oauth2 v0.37.0/go.mod h1:IxwZNxUULJmpBFf9K/9NTMSIfZZuvuTy1gGxhigP/58=
golang.org/x/sync v0.23.0 h1:KameEIfc1IkluZyXWLn39Wd4tURc6GbCiISGiZm2bQk=
golang.org/x/sync v0.23.0/go.mod h1:sUUOizhqBxiL6pEWpqNLUiaJn1ShEbZ6BBqskPbjZm0=
golang.org/x/sys v0.48.0 h1:bbX/i/6MgT9BVLM9RT1thmxL04yeTAhbEz4SyadbXoo=
golang.org/x/sys v0.48.0/go.mod h1:hNLxWAXmnKAxqDtdwIYC4bM9oQPEecfsnNMuSxOs3og=
golang.org/x/term v0.46.0 h1:3+OXuTbaKDgwk8jTi3aSLHRlmWqHEUDUtxnbFigO4YE=
golang.org/x/term v0.46.0/go.mod h1:+K02xbkittuwc0Am4abfA3Fc+XRGXkvBXNO88NCXPoc=
golang.org/x/text v0.3.3/go.mod h1:5Zoc/QRtKVWzQhOtBMvqHzDpF6irO9z98xDceosuGiQ=
golang.org/x/text v0.42.0 h1:JbOZXgfeCPU9gacVtYliJqOhD+zhrEqK4LfdpmlUZqI=
golang.org/x/text v0.42.0/go.mod h1:ojzP1Z+2QtioaF8DTtO8K5q7JWVVYwZKenzujK0Zd0E=
golang.org/x/time v0.16.0 h1:vMb6ptszcQMkcwiRTAuNNU50gom6++Q/6gY2hDM6VDE=
golang.org/x/time v0.16.0/go.mod h1:rVKOqvZeKvrDKTQiAHJ7wmwP0RzleSphoEA9RcdLA0s=
golang.org/x/tools v0.0.0-20180917221912-90fa682c2a6e/go.mod h1:n7NCudcB/nEzxVGmLbDWY5pfWTLqBcC2KZ6jyYvM4mQ=
golang.org/x/tools v0.50.0 h1:c2ifzfcuY7L90lZ2aKd8S4K2NpASF08SZx9ZuJkHmSU=
golang.org/x/tools v0.50.0/go.mod h1:7ulVMw3831Mwi5EZD6RomGyffr4VFjuNYXf2BbCEAV0=
gonum.org/v1/gonum v0.17.0 h1:VbpOemQlsSMrYmn7T2OUvQ4dqxQXU+ouZFQsZOx50z4=
gonum.org/v1/gonum v0.17.0/go.mod h1:El3tOrEuMpv2UdMrbNlKEh9vd86bmQ6vqIcDwxEOc1E=
google.golang.org/adk/v2 v2.5.0 h1:lLVrroj8jmV6OCVBUfA4Syuy0/lHeKlj+q0R55jCAGY=
google.golang.org/adk/v2 v2.5.0/go.mod h1:HeiCnWYj+7iHx/RgIbnh25NMwDDWJI5qTWKna88yWpY=
google.golang.org/api v0.299.0 h1:b3K+ydSMd0kh6TQI6bJyApRQfqQX2MfSOaVkpM59mJw=
google.golang.org/api v0.299.0/go.mod h1:zlR3GVA8b2R5nv5Ij9UWe37StVB3cxDD7DBFi4ZFsHw=
google.golang.org/genai v1.71.0 h1:Wfo9n0uSzMhZH7d+rP7QxxSWELEDSD4z6O8W/C9s3oM=
google.golang.org/genai v1.71.0/go.mod h1:mDdPDFXo1Ats7f1WXVyZgWb/CkMzFWTWJruIMy7hGIU=
google.golang.org/genproto v0.0.0-20260715232425-e75dac1f907d h1:C9v1o0/4quuhOAfmRXA2j+we0PqZIp8traLdeogF3Ms=
google.golang.org/genproto v0.0.0-20260715232425-e75dac1f907d/go.mod h1:Wz2wFJntZFmLGo7pLDXZ3wYk5hyc0Mb+SkHhDDXT+lU=
google.golang.org/genproto/googleapis/api v0.0.0-20260928230214-8a89bd6388cc h1:rZHRz0ogq4Pid1IKtA/ivHi8XONVF5tqUQXA2TtgpkE=
google.golang.org/genproto/googleapis/api v0.0.0-20260928230214-8a89bd6388cc/go.mod h1:K/n0XLazCJHjD73YuMyNJsN38BPPy1kfFnKxUXaThFU=
google.golang.org/genproto/googleapis/rpc v0.0.0-20260928230214-8a89bd6388cc h1:4bNTbnb44EqGVy9HaQxSY2jnafSUdgV3qHtedvNpDKg=
google.golang.org/genproto/googleapis/rpc v0.0.0-20260928230214-8a89bd6388cc/go.mod h1:OaIUM3+LpYcK2GXM4FTmhWoIq371Owdr+Cc7/BsYHHc=
google.golang.org/grpc v1.84.0 h1:soMyaPJ8pAak5PIQ0DGBUir0XRo2fRoMqhNWMLlLxO0=
google.golang.org/grpc v1.84.0/go.mod h1:ljCht0DrxQrXBDRTZp52Qxh3Ffk8CdYm2sj4O2QN2C0=
google.golang.org/protobuf v1.36.12 h1:pJOKDDOyeXErUroCihFAd5LQuwXBSpVnKGrj5o/fwxc=
google.golang.org/protobuf v1.36.12/go.mod h1:HTf+CrKn2C3g5S8VImy6tdcUvCska2kB7j23XfzDpco=
gopkg.in/check.v1 v0.0.0-20161208181325-20d25e280405/go.mod h1:Co6ibVJAznAaIkqp8huTwlJQCZ016jof/cbN4VW5Yz0=
gopkg.in/check.v1 v1.0.0-20201130134442-10cb98267c6c h1:Hei/4ADfdWqJk1ZMxUNpqntNwaWcugrBjAiHlqqRiVk=
gopkg.in/check.v1 v1.0.0-20201130134442-10cb98267c6c/go.mod h1:JHkPIbrfpd72SG/EVd6muEfDQjcINNoR0C8j2r3qZ4Q=
gopkg.in/yaml.v3 v3.0.1 h1:fxVm/GzAzEWqLHuvctI91KS9hhNmmWOoWu0XTYJS7CA=
gopkg.in/yaml.v3 v3.0.1/go.mod h1:K4uyk7z7BCEPqu6E+C64Yfv1cQ7kz7rIZviUmN+EgEM=
rsc.io/omap v1.2.0 h1:c1M8jchnHbzmJALzGLclfH3xDWXrPxSUHXzH5C+8Kdw=
rsc.io/omap v1.2.0/go.mod h1:C8pkI0AWexHopQtZX+qiUeJGzvc8HkdgnsWK4/mAa00=
rsc.io/ordered v1.1.1 h1:1kZM6RkTmceJgsFH/8DLQvkCVEYomVDJfBRLT595Uak=
rsc.io/ordered v1.1.1/go.mod h1:evAi8739bWVBRG9aaufsjVc202+6okf8u2QeVL84BCM=
